// !$*UTF8*$!
{
	archiveVersion = 1;
	classes = {
	};
	objectVersion = 46;
	objects = {

/* Begin PBXBuildFile section */
		F2EE992E1C99CF2D00A1FEE8 /* AppDelegate.swift in Sources */ = {isa = PBXBuildFile; fileRef = F2EE992D1C99CF2D00A1FEE8 /* AppDelegate.swift */; };
		F2EE99331C99CF2D00A1FEE8 /* Main.storyboard in Resources */ = {isa = PBXBuildFile; fileRef = F2EE99311C99CF2D00A1FEE8 /* Main.storyboard */; };
		F2EE99351C99CF2D00A1FEE8 /* Assets.xcassets in Resources */ = {isa = PBXBuildFile; fileRef = F2EE99341C99CF2D00A1FEE8 /* Assets.xcassets */; };
		F2EE99381C99CF2D00A1FEE8 /* LaunchScreen.storyboard in Resources */ = {isa = PBXBuildFile; fileRef = F2EE99361C99CF2D00A1FEE8 /* LaunchScreen.storyboard */; };
		F2EE99431C99CF2D00A1FEE8 /* CalculatorNormalTests.swift in Sources */ = {isa = PBXBuildFile; fileRef = F2EE99421C99CF2D00A1FEE8 /* CalculatorNormalTests.swift */; };
		F2EE994E1C99CF2D00A1FEE8 /* CalculatorNormalUITests.swift in Sources */ = {isa = PBXBuildFile; fileRef = F2EE994D1C99CF2D00A1FEE8 /* CalculatorNormalUITests.swift */; };
		F2EE995D1C99CF5400A1FEE8 /* CalculatorViewController.swift in Sources */ = {isa = PBXBuildFile; fileRef = F2EE995C1C99CF5400A1FEE8 /* CalculatorViewController.swift */; };
/* End PBXBuildFile section */

/* Begin PBXContainerItemProxy section */
		F2EE993F1C99CF2D00A1FEE8 /* PBXContainerItemProxy */ = {
			isa = PBXContainerItemProxy;
			containerPortal = F2EE99221C99CF2D00A1FEE8 /* Project object */;
			proxyType = 1;
			remoteGlobalIDString = F2EE99291C99CF2D00A1FEE8;
			remoteInfo = CalculatorNormal;
		};
		F2EE994A1C99CF2D00A1FEE8 /* PBXContainerItemProxy */ = {
			isa = PBXContainerItemProxy;
			containerPortal = F2EE99221C99CF2D00A1FEE8 /* Project object */;
			proxyType = 1;
			remoteGlobalIDString = F2EE99291C99CF2D00A1FEE8;
			remoteInfo = CalculatorNormal;
		};
/* End PBXContainerItemProxy section */

/* Begin PBXFileReference section */
		F2EE992A1C99CF2D00A1FEE8 /* CalculatorNormal.app */ = {isa = PBXFileReference; explicitFileType = wrapper.application; includeInIndex = 0; path = CalculatorNormal.app; sourceTree = BUILT_PRODUCTS_DIR; };
		F2EE992D1C99CF2D00A1FEE8 /* AppDelegate.swift */ = {isa = PBXFileReference; lastKnownFileType = sourcecode.swift; name = AppDelegate.swift; path = CalculatorNormal/AppDelegate.swift; sourceTree = "<group>"; };
		F2EE99321C99CF2D00A1FEE8 /* Base */ = {isa = PBXFileReference; lastKnownFileType = file.storyboard; name = Base; path = Base.lproj/Main.storyboard; sourceTree = "<group>"; };
		F2EE99341C99CF2D00A1FEE8 /* Assets.xcassets */ = {isa = PBXFileReference; lastKnownFileType = folder.assetcatalog; name = Assets.xcassets; path = CalculatorNormal/Assets.xcassets; sourceTree = "<group>"; };
		F2EE99371C99CF2D00A1FEE8 /* Base */ = {isa = PBXFileReference; lastKnownFileType = file.storyboard; name = Base; path = Base.lproj/LaunchScreen.storyboard; sourceTree = "<group>"; };
		F2EE99391C99CF2D00A1FEE8 /* Info.plist */ = {isa = PBXFileReference; lastKnownFileType = text.plist.xml; name = Info.plist; path = CalculatorNormal/Info.plist; sourceTree = "<group>"; };
		F2EE993E1C99CF2D00A1FEE8 /* CalculatorNormalTests.xctest */ = {isa = PBXFileReference; explicitFileType = wrapper.cfbundle; includeInIndex = 0; path = CalculatorNormalTests.xctest; sourceTree = BUILT_PRODUCTS_DIR; };
		F2EE99421C99CF2D00A1FEE8 /* CalculatorNormalTests.swift */ = {isa = PBXFileReference; lastKnownFileType = sourcecode.swift; path = CalculatorNormalTests.swift; sourceTree = "<group>"; };
		F2EE99441C99CF2D00A1FEE8 /* Info.plist */ = {isa = PBXFileReference; lastKnownFileType = text.plist.xml; path = Info.plist; sourceTree = "<group>"; };
		F2EE99491C99CF2D00A1FEE8 /* CalculatorNormalUITests.xctest */ = {isa = PBXFileReference; explicitFileType = wrapper.cfbundle; includeInIndex = 0; path = CalculatorNormalUITests.xctest; sourceTree = BUILT_PRODUCTS_DIR; };
		F2EE994D1C99CF2D00A1FEE8 /* CalculatorNormalUITests.swift */ = {isa = PBXFileReference; lastKnownFileType = sourcecode.swift; path = CalculatorNormalUITests.swift; sourceTree = "<group>"; };
		F2EE994F1C99CF2D00A1FEE8 /* Info.plist */ = {isa = PBXFileReference; lastKnownFileType = text.plist.xml; path = Info.plist; sourceTree = "<group>"; };
		F2EE995C1C99CF5400A1FEE8 /* CalculatorViewController.swift */ = {isa = PBXFileReference; fileEncoding = 4; lastKnownFileType = sourcecode.swift; name = CalculatorViewController.swift; path = ../CalculatorViewController.swift; sourceTree = "<group>"; };
/* End PBXFileReference section */

/* Begin PBXFrameworksBuildPhase section */
		F2EE99271C99CF2D00A1FEE8 /* Frameworks */ = {
			isa = PBXFrameworksBuildPhase;
			buildActionMask = 2147483647;
			files = (
			);
			runOnlyForDeploymentPostprocessing = 0;
		};
		F2EE993B1C99CF2D00A1FEE8 /* Frameworks */ = {
			isa = PBXFrameworksBuildPhase;
			buildActionMask = 2147483647;
			files = (
			);
			runOnlyForDeploymentPostprocessing = 0;
		};
		F2EE99461C99CF2D00A1FEE8 /* Frameworks */ = {
			isa = PBXFrameworksBuildPhase;
			buildActionMask = 2147483647;
			files = (
			);
			runOnlyForDeploymentPostprocessing = 0;
		};
/* End PBXFrameworksBuildPhase section */

/* Begin PBXGroup section */
		F2EE99211C99CF2D00A1FEE8 = {
			isa = PBXGroup;
			children = (
				F2EE992C1C99CF2D00A1FEE8 /* CalculatorNormal */,
				F2EE995B1C99CF3600A1FEE8 /* Supported Files */,
				F2EE99411C99CF2D00A1FEE8 /* CalculatorNormalTests */,
				F2EE994C1C99CF2D00A1FEE8 /* CalculatorNormalUITests */,
				F2EE992B1C99CF2D00A1FEE8 /* Products */,
			);
			sourceTree = "<group>";
		};
		F2EE992B1C99CF2D00A1FEE8 /* Products */ = {
			isa = PBXGroup;
			children = (
				F2EE992A1C99CF2D00A1FEE8 /* CalculatorNormal.app */,
				F2EE993E1C99CF2D00A1FEE8 /* CalculatorNormalTests.xctest */,
				F2EE99491C99CF2D00A1FEE8 /* CalculatorNormalUITests.xctest */,
			);
			name = Products;
			sourceTree = "<group>";
		};
		F2EE992C1C99CF2D00A1FEE8 /* CalculatorNormal */ = {
			isa = PBXGroup;
			children = (
				F2EE995C1C99CF5400A1FEE8 /* CalculatorViewController.swift */,
				F2EE99311C99CF2D00A1FEE8 /* Main.storyboard */,
			);
			path = CalculatorNormal;
			sourceTree = "<group>";
		};
		F2EE99411C99CF2D00A1FEE8 /* CalculatorNormalTests */ = {
			isa = PBXGroup;
			children = (
				F2EE99421C99CF2D00A1FEE8 /* CalculatorNormalTests.swift */,
				F2EE99441C99CF2D00A1FEE8 /* Info.plist */,
			);
			path = CalculatorNormalTests;
			sourceTree = "<group>";
		};
		F2EE994C1C99CF2D00A1FEE8 /* CalculatorNormalUITests */ = {
			isa = PBXGroup;
			children = (
				F2EE994D1C99CF2D00A1FEE8 /* CalculatorNormalUITests.swift */,
				F2EE994F1C99CF2D00A1FEE8 /* Info.plist */,
			);
			path = CalculatorNormalUITests;
			sourceTree = "<group>";
		};
		F2EE995B1C99CF3600A1FEE8 /* Supported Files */ = {
			isa = PBXGroup;
			children = (
				F2EE99391C99CF2D00A1FEE8 /* Info.plist */,
				F2EE99341C99CF2D00A1FEE8 /* Assets.xcassets */,
				F2EE99361C99CF2D00A1FEE8 /* LaunchScreen.storyboard */,
				F2EE992D1C99CF2D00A1FEE8 /* AppDelegate.swift */,
			);
			name = "Supported Files";
			sourceTree = "<group>";
		};
/* End PBXGroup section */

/* Begin PBXNativeTarget section */
		F2EE99291C99CF2D00A1FEE8 /* CalculatorNormal */ = {
			isa = PBXNativeTarget;
			buildConfigurationList = F2EE99521C99CF2D00A1FEE8 /* Build configuration list for PBXNativeTarget "CalculatorNormal" */;
			buildPhases = (
				F2EE99261C99CF2D00A1FEE8 /* Sources */,
				F2EE99271C99CF2D00A1FEE8 /* Frameworks */,
				F2EE99281C99CF2D00A1FEE8 /* Resources */,
			);
			buildRules = (
			);
			dependencies = (
			);
			name = CalculatorNormal;
			productName = CalculatorNormal;
			productReference = F2EE992A1C99CF2D00A1FEE8 /* CalculatorNormal.app */;
			productType = "com.apple.product-type.application";
		};
		F2EE993D1C99CF2D00A1FEE8 /* CalculatorNormalTests */ = {
			isa = PBXNativeTarget;
			buildConfigurationList = F2EE99551C99CF2D00A1FEE8 /* Build configuration list for PBXNativeTarget "CalculatorNormalTests" */;
			buildPhases = (
				F2EE993A1C99CF2D00A1FEE8 /* Sources */,
				F2EE993B1C99CF2D00A1FEE8 /* Frameworks */,
				F2EE993C1C99CF2D00A1FEE8 /* Resources */,
			);
			buildRules = (
			);
			dependencies = (
				F2EE99401C99CF2D00A1FEE8 /* PBXTargetDependency */,
			);
			name = CalculatorNormalTests;
			productName = CalculatorNormalTests;
			productReference = F2EE993E1C99CF2D00A1FEE8 /* CalculatorNormalTests.xctest */;
			productType = "com.apple.product-type.bundle.unit-test";
		};
		F2EE99481C99CF2D00A1FEE8 /* CalculatorNormalUITests */ = {
			isa = PBXNativeTarget;
			buildConfigurationList = F2EE99581C99CF2D00A1FEE8 /* Build configuration list for PBXNativeTarget "CalculatorNormalUITests" */;
			buildPhases = (
				F2EE99451C99CF2D00A1FEE8 /* Sources */,
				F2EE99461C99CF2D00A1FEE8 /* Frameworks */,
				F2EE99471C99CF2D00A1FEE8 /* Resources */,
			);
			buildRules = (
			);
			dependencies = (
				F2EE994B1C99CF2D00A1FEE8 /* PBXTargetDependency */,
			);
			name = CalculatorNormalUITests;
			productName = CalculatorNormalUITests;
			productReference = F2EE99491C99CF2D00A1FEE8 /* CalculatorNormalUITests.xctest */;
			productType = "com.apple.product-type.bundle.ui-testing";
		};
/* End PBXNativeTarget section */

/* Begin PBXProject section */
		F2EE99221C99CF2D00A1FEE8 /* Project object */ = {
			isa = PBXProject;
			attributes = {
				LastSwiftUpdateCheck = 0720;
				LastUpgradeCheck = 0720;
				ORGANIZATIONNAME = "Some Peril";
				TargetAttributes = {
					F2EE99291C99CF2D00A1FEE8 = {
						CreatedOnToolsVersion = 7.2.1;
					};
					F2EE993D1C99CF2D00A1FEE8 = {
						CreatedOnToolsVersion = 7.2.1;
						TestTargetID = F2EE99291C99CF2D00A1FEE8;
					};
					F2EE99481C99CF2D00A1FEE8 = {
						CreatedOnToolsVersion = 7.2.1;
						TestTargetID = F2EE99291C99CF2D00A1FEE8;
					};
				};
			};
			buildConfigurationList = F2EE99251C99CF2D00A1FEE8 /* Build configuration list for PBXProject "CalculatorNormal" */;
			compatibilityVersion = "Xcode 3.2";
			developmentRegion = English;
			hasScannedForEncodings = 0;
			knownRegions = (
				en,
				Base,
			);
			mainGroup = F2EE99211C99CF2D00A1FEE8;
			productRefGroup = F2EE992B1C99CF2D00A1FEE8 /* Products */;
			projectDirPath = "";
			projectRoot = "";
			targets = (
				F2EE99291C99CF2D00A1FEE8 /* CalculatorNormal */,
				F2EE993D1C99CF2D00A1FEE8 /* CalculatorNormalTests */,
				F2EE99481C99CF2D00A1FEE8 /* CalculatorNormalUITests */,
			);
		};
/* End PBXProject section */

/* Begin PBXResourcesBuildPhase section */
		F2EE99281C99CF2D00A1FEE8 /* Resources */ = {
			isa = PBXResourcesBuildPhase;
			buildActionMask = 2147483647;
			files = (
				F2EE99381C99CF2D00A1FEE8 /* LaunchScreen.storyboard in Resources */,
				F2EE99351C99CF2D00A1FEE8 /* Assets.xcassets in Resources */,
				F2EE99331C99CF2D00A1FEE8 /* Main.storyboard in Resources */,
			);
			runOnlyForDeploymentPostprocessing = 0;
		};
		F2EE993C1C99CF2D00A1FEE8 /* Resources */ = {
			isa = PBXResourcesBuildPhase;
			buildActionMask = 2147483647;
			files = (
			);
			runOnlyForDeploymentPostprocessing = 0;
		};
		F2EE99471C99CF2D00A1FEE8 /* Resources */ = {
			isa = PBXResourcesBuildPhase;
			buildActionMask = 2147483647;
			files = (
			);
			runOnlyForDeploymentPostprocessing = 0;
		};
/* End PBXResourcesBuildPhase section */

/* Begin PBXSourcesBuildPhase section */
		F2EE99261C99CF2D00A1FEE8 /* Sources */ = {
			isa = PBXSourcesBuildPhase;
			buildActionMask = 2147483647;
			files = (
				F2EE995D1C99CF5400A1FEE8 /* CalculatorViewController.swift in Sources */,
				F2EE992E1C99CF2D00A1FEE8 /* AppDelegate.swift in Sources */,
			);
			runOnlyForDeploymentPostprocessing = 0;
		};
		F2EE993A1C99CF2D00A1FEE8 /* Sources */ = {
			isa = PBXSourcesBuildPhase;
			buildActionMask = 2147483647;
			files = (
				F2EE99431C99CF2D00A1FEE8 /* CalculatorNormalTests.swift in Sources */,
			);
			runOnlyForDeploymentPostprocessing = 0;
		};
		F2EE99451C99CF2D00A1FEE8 /* Sources */ = {
			isa = PBXSourcesBuildPhase;
			buildActionMask = 2147483647;
			files = (
				F2EE994E1C99CF2D00A1FEE8 /* CalculatorNormalUITests.swift in Sources */,
			);
			runOnlyForDeploymentPostprocessing = 0;
		};
/* End PBXSourcesBuildPhase section */

/* Begin PBXTargetDependency section */
		F2EE99401C99CF2D00A1FEE8 /* PBXTargetDependency */ = {
			isa = PBXTargetDependency;
			target = F2EE99291C99CF2D00A1FEE8 /* CalculatorNormal */;
			targetProxy = F2EE993F1C99CF2D00A1FEE8 /* PBXContainerItemProxy */;
		};
		F2EE994B1C99CF2D00A1FEE8 /* PBXTargetDependency */ = {
			isa = PBXTargetDependency;
			target = F2EE99291C99CF2D00A1FEE8 /* CalculatorNormal */;
			targetProxy = F2EE994A1C99CF2D00A1FEE8 /* PBXContainerItemProxy */;
		};
/* End PBXTargetDependency section */

/* Begin PBXVariantGroup section */
		F2EE99311C99CF2D00A1FEE8 /* Main.storyboard */ = {
			isa = PBXVariantGroup;
			children = (
				F2EE99321C99CF2D00A1FEE8 /* Base */,
			);
			name = Main.storyboard;
			sourceTree = "<group>";
		};
		F2EE99361C99CF2D00A1FEE8 /* LaunchScreen.storyboard */ = {
			isa = PBXVariantGroup;
			children = (
				F2EE99371C99CF2D00A1FEE8 /* Base */,
			);
			name = LaunchScreen.storyboard;
			path = CalculatorNormal;
			sourceTree = "<group>";
		};
/* End PBXVariantGroup section */

/* Begin XCBuildConfiguration section */
		F2EE99501C99CF2D00A1FEE8 /* Debug */ = {
			isa = XCBuildConfiguration;
			buildSettings = {
				ALWAYS_SEARCH_USER_PATHS = NO;
				CLANG_CXX_LANGUAGE_STANDARD = "gnu++0x";
				CLANG_CXX_LIBRARY = "libc++";
				CLANG_ENABLE_MODULES = YES;
				CLANG_ENABLE_OBJC_ARC = YES;
				CLANG_WARN_BOOL_CONVERSION = YES;
				CLANG_WARN_CONSTANT_CONVERSION = YES;
				CLANG_WARN_DIRECT_OBJC_ISA_USAGE = YES_ERROR;
				CLANG_WARN_EMPTY_BODY = YES;
				CLANG_WARN_ENUM_CONVERSION = YES;
				CLANG_WARN_INT_CONVERSION = YES;
				CLANG_WARN_OBJC_ROOT_CLASS = YES_ERROR;
				CLANG_WARN_UNREACHABLE_CODE = YES;
				CLANG_WARN__DUPLICATE_METHOD_MATCH = YES;
				"CODE_SIGN_IDENTITY[sdk=iphoneos*]" = "iPhone Developer";
				COPY_PHASE_STRIP = NO;
				DEBUG_INFORMATION_FORMAT = dwarf;
				ENABLE_STRICT_OBJC_MSGSEND = YES;
				ENABLE_TESTABILITY = YES;
				GCC_C_LANGUAGE_STANDARD = gnu99;
				GCC_DYNAMIC_NO_PIC = NO;
				GCC_NO_COMMON_BLOCKS = YES;
				GCC_OPTIMIZATION_LEVEL = 0;
				GCC_PREPROCESSOR_DEFINITIONS = (
					"DEBUG=1",
					"$(inherited)",
				);
				GCC_WARN_64_TO_32_BIT_CONVERSION = YES;
				GCC_WARN_ABOUT_RETURN_TYPE = YES_ERROR;
				GCC_WARN_UNDECLARED_SELECTOR = YES;
				GCC_WARN_UNINITIALIZED_AUTOS = YES_AGGRESSIVE;
				GCC_WARN_UNUSED_FUNCTION = YES;
				GCC_WARN_UNUSED_VARIABLE = YES;
				IPHONEOS_DEPLOYMENT_TARGET = 9.2;
				MTL_ENABLE_DEBUG_INFO = YES;
				ONLY_ACTIVE_ARCH = YES;
				SDKROOT = iphoneos;
				SWIFT_OPTIMIZATION_LEVEL = "-Onone";
				TARGETED_DEVICE_FAMILY = "1,2";
			};
			name = Debug;
		};
		F2EE99511C99CF2D00A1FEE8 /* Release */ = {
			isa = XCBuildConfiguration;
			buildSettings = {
				ALWAYS_SEARCH_USER_PATHS = NO;
				CLANG_CXX_LANGUAGE_STANDARD = "gnu++0x";
				CLANG_CXX_LIBRARY = "libc++";
				CLANG_ENABLE_MODULES = YES;
				CLANG_ENABLE_OBJC_ARC = YES;
				CLANG_WARN_BOOL_CONVERSION = YES;
				CLANG_WARN_CONSTANT_CONVERSION = YES;
				CLANG_WARN_DIRECT_OBJC_ISA_USAGE = YES_ERROR;
				CLANG_WARN_EMPTY_BODY = YES;
				CLANG_WARN_ENUM_CONVERSION = YES;
				CLANG_WARN_INT_CONVERSION = YES;
				CLANG_WARN_OBJC_ROOT_CLASS = YES_ERROR;
				CLANG_WARN_UNREACHABLE_CODE = YES;
				CLANG_WARN__DUPLICATE_METHOD_MATCH = YES;
				"CODE_SIGN_IDENTITY[sdk=iphoneos*]" = "iPhone Developer";
				COPY_PHASE_STRIP = NO;
				DEBUG_INFORMATION_FORMAT = "dwarf-with-dsym";
				ENABLE_NS_ASSERTIONS = NO;
				ENABLE_STRICT_OBJC_MSGSEND = YES;
				GCC_C_LANGUAGE_STANDARD = gnu99;
				GCC_NO_COMMON_BLOCKS = YES;
				GCC_WARN_64_TO_32_BIT_CONVERSION = YES;
				GCC_WARN_ABOUT_RETURN_TYPE = YES_ERROR;
				GCC_WARN_UNDECLARED_SELECTOR = YES;
				GCC_WARN_UNINITIALIZED_AUTOS = YES_AGGRESSIVE;
				GCC_WARN_UNUSED_FUNCTION = YES;
				GCC_WARN_UNUSED_VARIABLE = YES;
				IPHONEOS_DEPLOYMENT_TARGET = 9.2;
				MTL_ENABLE_DEBUG_INFO = NO;
				SDKROOT = iphoneos;
				TARGETED_DEVICE_FAMILY = "1,2";
				VALIDATE_PRODUCT = YES;
			};
			name = Release;
		};
		F2EE99531C99CF2D00A1FEE8 /* Debug */ = {
			isa = XCBuildConfiguration;
			buildSettings = {
				ASSETCATALOG_COMPILER_APPICON_NAME = AppIcon;
				INFOPLIST_FILE = CalculatorNormal/Info.plist;
				LD_RUNPATH_SEARCH_PATHS = "$(inherited) @executable_path/Frameworks";
				PRODUCT_BUNDLE_IDENTIFIER = com.someperilproductions.CalculatorNormal;
				PRODUCT_NAME = "$(TARGET_NAME)";
			};
			name = Debug;
		};
		F2EE99541C99CF2D00A1FEE8 /* Release */ = {
			isa = XCBuildConfiguration;
			buildSettings = {
				ASSETCATALOG_COMPILER_APPICON_NAME = AppIcon;
				INFOPLIST_FILE = CalculatorNormal/Info.plist;
				LD_RUNPATH_SEARCH_PATHS = "$(inherited) @executable_path/Frameworks";
				PRODUCT_BUNDLE_IDENTIFIER = com.someperilproductions.CalculatorNormal;
				PRODUCT_NAME = "$(TARGET_NAME)";
			};
			name = Release;
		};
		F2EE99561C99CF2D00A1FEE8 /* Debug */ = {
			isa = XCBuildConfiguration;
			buildSettings = {
				BUNDLE_LOADER = "$(TEST_HOST)";
				INFOPLIST_FILE = CalculatorNormalTests/Info.plist;
				LD_RUNPATH_SEARCH_PATHS = "$(inherited) @executable_path/Frameworks @loader_path/Frameworks";
				PRODUCT_BUNDLE_IDENTIFIER = com.someperilproductions.CalculatorNormalTests;
				PRODUCT_NAME = "$(TARGET_NAME)";
				TEST_HOST = "$(BUILT_PRODUCTS_DIR)/CalculatorNormal.app/CalculatorNormal";
			};
			name = Debug;
		};
		F2EE99571C99CF2D00A1FEE8 /* Release */ = {
			isa = XCBuildConfiguration;
			buildSettings = {
				BUNDLE_LOADER = "$(TEST_HOST)";
				INFOPLIST_FILE = CalculatorNormalTests/Info.plist;
				LD_RUNPATH_SEARCH_PATHS = "$(inherited) @executable_path/Frameworks @loader_path/Frameworks";
				PRODUCT_BUNDLE_IDENTIFIER = com.someperilproductions.CalculatorNormalTests;
				PRODUCT_NAME = "$(TARGET_NAME)";
				TEST_HOST = "$(BUILT_PRODUCTS_DIR)/CalculatorNormal.app/CalculatorNormal";
			};
			name = Release;
		};
		F2EE99591C99CF2D00A1FEE8 /* Debug */ = {
			isa = XCBuildConfiguration;
			buildSettings = {
				INFOPLIST_FILE = CalculatorNormalUITests/Info.plist;
				LD_RUNPATH_SEARCH_PATHS = "$(inherited) @executable_path/Frameworks @loader_path/Frameworks";
				PRODUCT_BUNDLE_IDENTIFIER = com.someperilproductions.CalculatorNormalUITests;
				PRODUCT_NAME = "$(TARGET_NAME)";
				TEST_TARGET_NAME = CalculatorNormal;
				USES_XCTRUNNER = YES;
			};
			name = Debug;
		};
		F2EE995A1C99CF2D00A1FEE8 /* Release */ = {
			isa = XCBuildConfiguration;
			buildSettings = {
				INFOPLIST_FILE = CalculatorNormalUITests/Info.plist;
				LD_RUNPATH_SEARCH_PATHS = "$(inherited) @executable_path/Frameworks @loader_path/Frameworks";
				PRODUCT_BUNDLE_IDENTIFIER = com.someperilproductions.CalculatorNormalUITests;
				PRODUCT_NAME = "$(TARGET_NAME)";
				TEST_TARGET_NAME = CalculatorNormal;
				USES_XCTRUNNER = YES;
			};
			name = Release;
		};
/* End XCBuildConfiguration section */

/* Begin XCConfigurationList section */
		F2EE99251C99CF2D00A1FEE8 /* Build configuration list for PBXProject "CalculatorNormal" */ = {
			isa = XCConfigurationList;
			buildConfigurations = (
				F2EE99501C99CF2D00A1FEE8 /* Debug */,
				F2EE99511C99CF2D00A1FEE8 /* Release */,
			);
			defaultConfigurationIsVisible = 0;
			defaultConfigurationName = Release;
		};
		F2EE99521C99CF2D00A1FEE8 /* Build configuration list for PBXNativeTarget "CalculatorNormal" */ = {
			isa = XCConfigurationList;
			buildConfigurations = (
				F2EE99531C99CF2D00A1FEE8 /* Debug */,
				F2EE99541C99CF2D00A1FEE8 /* Release */,
			);
			defaultConfigurationIsVisible = 0;
		};
		F2EE99551C99CF2D00A1FEE8 /* Build configuration list for PBXNativeTarget "CalculatorNormalTests" */ = {
			isa = XCConfigurationList;
			buildConfigurations = (
				F2EE99561C99CF2D00A1FEE8 /* Debug */,
				F2EE99571C99CF2D00A1FEE8 /* Release */,
			);
			defaultConfigurationIsVisible = 0;
		};
		F2EE99581C99CF2D00A1FEE8 /* Build configuration list for PBXNativeTarget "CalculatorNormalUITests" */ = {
			isa = XCConfigurationList;
			buildConfigurations = (
				F2EE99591C99CF2D00A1FEE8 /* Debug */,
				F2EE995A1C99CF2D00A1FEE8 /* Release */,
			);
			defaultConfigurationIsVisible = 0;
		};
/* End XCConfigurationList section */
	};
	rootObject = F2EE99221C99CF2D00A1FEE8 /* Project object */;
}
